
Microsoft Visual Studio Solution File, Format Version 12.00
# Visual Studio Version 17
VisualStudioVersion = 17.5.33502.453
MinimumVisualStudioVersion = 10.0.40219.1
Project("{FAE04EC0-301F-11D3-BF4B-00C04F79EFBC}") = "Threads", "Threads\Threads.csproj", "{E72EEA16-408C-4570-9601-30953DDA8EBB}"
EndProject
Global
	GlobalSection(SolutionConfigurationPlatforms) = preSolution
		Debug|Any CPU = Debug|Any CPU
		Release|Any CPU = Release|Any CPU
	EndGlobalSection
	GlobalSection(ProjectConfigurationPlatforms) = postSolution
		{E72EEA16-408C-4570-9601-30953DDA8EBB}.Debug|Any CPU.ActiveCfg = Debug|Any CPU
		{E72EEA16-408C-4570-9601-30953DDA8EBB}.Debug|Any CPU.Build.0 = Debug|Any CPU
		{E72EEA16-408C-4570-9601-30953DDA8EBB}.Release|Any CPU.ActiveCfg = Release|Any CPU
		{E72EEA16-408C-4570-9601-30953DDA8EBB}.Release|Any CPU.Build.0 = Release|Any CPU
	EndGlobalSection
	GlobalSection(SolutionProperties) = preSolution
		HideSolutionNode = FALSE
	EndGlobalSection
	GlobalSection(ExtensibilityGlobals) = postSolution
		SolutionGuid = {8F65A5BB-F23F-494B-9CA8-A04BA951CF0D}
	EndGlobalSection
EndGlobal
